
Microsoft Visual Studio Solution File, Format Version 12.00
# Visual Studio Version 17
VisualStudioVersion = 17.4.33213.308
MinimumVisualStudioVersion = 10.0.40219.1
Project("{FAE04EC0-301F-11D3-BF4B-00C04F79EFBC}") = "SortCustomAdaptor", "SortCustomAdaptor.csproj", "{B6F23683-F317-4AD2-86F5-E291FC700C0E}"
EndProject
Global
	GlobalSection(SolutionConfigurationPlatforms) = preSolution
		Debug|Any CPU = Debug|Any CPU
		Release|Any CPU = Release|Any CPU
	EndGlobalSection
	GlobalSection(ProjectConfigurationPlatforms) = postSolution
		{B6F23683-F317-4AD2-86F5-E291FC700C0E}.Debug|Any CPU.ActiveCfg = Debug|Any CPU
		{B6F23683-F317-4AD2-86F5-E291FC700C0E}.Debug|Any CPU.Build.0 = Debug|Any CPU
		{B6F23683-F317-4AD2-86F5-E291FC700C0E}.Release|Any CPU.ActiveCfg = Release|Any CPU
		{B6F23683-F317-4AD2-86F5-E291FC700C0E}.Release|Any CPU.Build.0 = Release|Any CPU
	EndGlobalSection
	GlobalSection(SolutionProperties) = preSolution
		HideSolutionNode = FALSE
	EndGlobalSection
	GlobalSection(ExtensibilityGlobals) = postSolution
		SolutionGuid = {8F36AC6F-B9AF-4266-AC80-669C2CF7C129}
	EndGlobalSection
EndGlobal
